
Microsoft Visual Studio Solution File, Format Version 12.00
# Visual Studio Version 17
VisualStudioVersion = 17.4.33103.184
MinimumVisualStudioVersion = 10.0.40219.1
Project("{FAE04EC0-301F-11D3-BF4B-00C04F79EFBC}") = "senai.inlock.webApi", "senai.inlock.webApi.csproj", "{6361AA0A-D8BE-409B-B52C-CFF088A37876}"
EndProject
Global
	GlobalSection(SolutionConfigurationPlatforms) = preSolution
		Debug|Any CPU = Debug|Any CPU
		Release|Any CPU = Release|Any CPU
	EndGlobalSection
	GlobalSection(ProjectConfigurationPlatforms) = postSolution
		{6361AA0A-D8BE-409B-B52C-CFF088A37876}.Debug|Any CPU.ActiveCfg = Debug|Any CPU
		{6361AA0A-D8BE-409B-B52C-CFF088A37876}.Debug|Any CPU.Build.0 = Debug|Any CPU
		{6361AA0A-D8BE-409B-B52C-CFF088A37876}.Release|Any CPU.ActiveCfg = Release|Any CPU
		{6361AA0A-D8BE-409B-B52C-CFF088A37876}.Release|Any CPU.Build.0 = Release|Any CPU
	EndGlobalSection
	GlobalSection(SolutionProperties) = preSolution
		HideSolutionNode = FALSE
	EndGlobalSection
	GlobalSection(ExtensibilityGlobals) = postSolution
		SolutionGuid = {1503960A-718D-4F43-BA35-26F6EEA77893}
	EndGlobalSection
EndGlobal
